
Microsoft Visual Studio Solution File, Format Version 12.00
# Visual Studio Version 16
VisualStudioVersion = 16.0.31624.102
MinimumVisualStudioVersion = 10.0.40219.1
Project("{FAE04EC0-301F-11D3-BF4B-00C04F79EFBC}") = "Atleti_AspMVC", "Atleti_AspMVC\Atleti_AspMVC.csproj", "{5B73F7C3-2939-4B4E-A082-4187A17372BC}"
EndProject
Global
	GlobalSection(SolutionConfigurationPlatforms) = preSolution
		Debug|Any CPU = Debug|Any CPU
		Release|Any CPU = Release|Any CPU
	EndGlobalSection
	GlobalSection(ProjectConfigurationPlatforms) = postSolution
		{5B73F7C3-2939-4B4E-A082-4187A17372BC}.Debug|Any CPU.ActiveCfg = Debug|Any CPU
		{5B73F7C3-2939-4B4E-A082-4187A17372BC}.Debug|Any CPU.Build.0 = Debug|Any CPU
		{5B73F7C3-2939-4B4E-A082-4187A17372BC}.Release|Any CPU.ActiveCfg = Release|Any CPU
		{5B73F7C3-2939-4B4E-A082-4187A17372BC}.Release|Any CPU.Build.0 = Release|Any CPU
	EndGlobalSection
	GlobalSection(SolutionProperties) = preSolution
		HideSolutionNode = FALSE
	EndGlobalSection
	GlobalSection(ExtensibilityGlobals) = postSolution
		SolutionGuid = {4BB7C888-E0B0-4D6A-AA25-66318F52F401}
	EndGlobalSection
EndGlobal
